
Microsoft Visual Studio Solution File, Format Version 12.00
# Visual Studio 14
VisualStudioVersion = 14.0.25123.0
MinimumVisualStudioVersion = 10.0.40219.1
Project("{FAE04EC0-301F-11D3-BF4B-00C04F79EFBC}") = "ValTechTest", "ValTech\ValTechTest.csproj", "{B864B7E5-D60F-4027-A851-30C64DB5F8CE}"
EndProject
Project("{2150E333-8FDC-42A3-9474-1A3956D46DE8}") = "Solution Items", "Solution Items", "{585658C9-60D4-4CC1-B546-C32DA5325B5C}"
EndProject
Global
	GlobalSection(SolutionConfigurationPlatforms) = preSolution
		Debug|Any CPU = Debug|Any CPU
		Release|Any CPU = Release|Any CPU
	EndGlobalSection
	GlobalSection(ProjectConfigurationPlatforms) = postSolution
		{B864B7E5-D60F-4027-A851-30C64DB5F8CE}.Debug|Any CPU.ActiveCfg = Debug|Any CPU
		{B864B7E5-D60F-4027-A851-30C64DB5F8CE}.Debug|Any CPU.Build.0 = Debug|Any CPU
		{B864B7E5-D60F-4027-A851-30C64DB5F8CE}.Release|Any CPU.ActiveCfg = Release|Any CPU
		{B864B7E5-D60F-4027-A851-30C64DB5F8CE}.Release|Any CPU.Build.0 = Release|Any CPU
	EndGlobalSection
	GlobalSection(SolutionProperties) = preSolution
		HideSolutionNode = FALSE
	EndGlobalSection
EndGlobal
